
Microsoft Visual Studio Solution File, Format Version 12.00
# Visual Studio Version 17
VisualStudioVersion = 17.0.31903.59
MinimumVisualStudioVersion = 10.0.40219.1
Project("{FAE04EC0-301F-11D3-BF4B-00C04F79EFBC}") = "BasicConfig.WorkerService", "BasicConfig.WorkerService\BasicConfig.WorkerService.csproj", "{9BF6B08D-323A-48EE-A11D-22A42704B76C}"
EndProject
Project("{FAE04EC0-301F-11D3-BF4B-00C04F79EFBC}") = "BasicConfiguration", "BasicConfiguration\BasicConfiguration.csproj", "{E0579B44-B74C-5521-73F6-237EFF5248F9}"
EndProject
Project("{FAE04EC0-301F-11D3-BF4B-00C04F79EFBC}") = "ConfigurationsWithOptionsPattern", "ConfigurationsWithOptionsPattern\ConfigurationsWithOptionsPattern.csproj", "{EB534664-8B72-400F-937F-E3A28D78604E}"
EndProject
Global
	GlobalSection(SolutionConfigurationPlatforms) = preSolution
		Debug|Any CPU = Debug|Any CPU
		Release|Any CPU = Release|Any CPU
	EndGlobalSection
	GlobalSection(ProjectConfigurationPlatforms) = postSolution
		{9BF6B08D-323A-48EE-A11D-22A42704B76C}.Debug|Any CPU.ActiveCfg = Debug|Any CPU
		{9BF6B08D-323A-48EE-A11D-22A42704B76C}.Debug|Any CPU.Build.0 = Debug|Any CPU
		{9BF6B08D-323A-48EE-A11D-22A42704B76C}.Release|Any CPU.ActiveCfg = Release|Any CPU
		{9BF6B08D-323A-48EE-A11D-22A42704B76C}.Release|Any CPU.Build.0 = Release|Any CPU
		{E0579B44-B74C-5521-73F6-237EFF5248F9}.Debug|Any CPU.ActiveCfg = Debug|Any CPU
		{E0579B44-B74C-5521-73F6-237EFF5248F9}.Debug|Any CPU.Build.0 = Debug|Any CPU
		{E0579B44-B74C-5521-73F6-237EFF5248F9}.Release|Any CPU.ActiveCfg = Release|Any CPU
		{E0579B44-B74C-5521-73F6-237EFF5248F9}.Release|Any CPU.Build.0 = Release|Any CPU
		{EB534664-8B72-400F-937F-E3A28D78604E}.Debug|Any CPU.ActiveCfg = Debug|Any CPU
		{EB534664-8B72-400F-937F-E3A28D78604E}.Debug|Any CPU.Build.0 = Debug|Any CPU
		{EB534664-8B72-400F-937F-E3A28D78604E}.Release|Any CPU.ActiveCfg = Release|Any CPU
		{EB534664-8B72-400F-937F-E3A28D78604E}.Release|Any CPU.Build.0 = Release|Any CPU
	EndGlobalSection
	GlobalSection(SolutionProperties) = preSolution
		HideSolutionNode = FALSE
	EndGlobalSection
	GlobalSection(ExtensibilityGlobals) = postSolution
		SolutionGuid = {00428AF8-B5B6-4E3D-8C71-B2EC2C660F98}
	EndGlobalSection
EndGlobal
